
Microsoft Visual Studio Solution File, Format Version 12.00
# Visual Studio 15
VisualStudioVersion = 15.0.28307.271
MinimumVisualStudioVersion = 10.0.40219.1
Project("{FAE04EC0-301F-11D3-BF4B-00C04F79EFBC}") = "Lab2_individualAccount(CorrectVersion)", "Lab2_individualAccount(CorrectVersion)\Lab2_individualAccount(CorrectVersion).csproj", "{B37C6398-4A10-4022-A1AF-2E354CA83354}"
EndProject
Project("{FAE04EC0-301F-11D3-BF4B-00C04F79EFBC}") = "Lab2_individualAccount(CorrectVersion).Tests", "Lab2_individualAccount(CorrectVersion).Tests\Lab2_individualAccount(CorrectVersion).Tests.csproj", "{32783545-C909-4009-B450-5FC543B1AE24}"
EndProject
Global
	GlobalSection(SolutionConfigurationPlatforms) = preSolution
		Debug|Any CPU = Debug|Any CPU
		Release|Any CPU = Release|Any CPU
	EndGlobalSection
	GlobalSection(ProjectConfigurationPlatforms) = postSolution
		{B37C6398-4A10-4022-A1AF-2E354CA83354}.Debug|Any CPU.ActiveCfg = Debug|Any CPU
		{B37C6398-4A10-4022-A1AF-2E354CA83354}.Debug|Any CPU.Build.0 = Debug|Any CPU
		{B37C6398-4A10-4022-A1AF-2E354CA83354}.Release|Any CPU.ActiveCfg = Release|Any CPU
		{B37C6398-4A10-4022-A1AF-2E354CA83354}.Release|Any CPU.Build.0 = Release|Any CPU
		{32783545-C909-4009-B450-5FC543B1AE24}.Debug|Any CPU.ActiveCfg = Debug|Any CPU
		{32783545-C909-4009-B450-5FC543B1AE24}.Debug|Any CPU.Build.0 = Debug|Any CPU
		{32783545-C909-4009-B450-5FC543B1AE24}.Release|Any CPU.ActiveCfg = Release|Any CPU
		{32783545-C909-4009-B450-5FC543B1AE24}.Release|Any CPU.Build.0 = Release|Any CPU
	EndGlobalSection
	GlobalSection(SolutionProperties) = preSolution
		HideSolutionNode = FALSE
	EndGlobalSection
	GlobalSection(ExtensibilityGlobals) = postSolution
		SolutionGuid = {675803BF-72DA-4065-8CC5-CD960197969D}
	EndGlobalSection
EndGlobal
